// !$*UTF8*$!
{
	archiveVersion = 1;
	classes = {
	};
	objectVersion = 55;
	objects = {

/* Begin PBXBuildFile section */
		7144BE21287AB5C90023A89D /* AppDelegate.swift in Sources */ = {isa = PBXBuildFile; fileRef = 7144BE20287AB5C90023A89D /* AppDelegate.swift */; };
		7144BE23287AB5C90023A89D /* SceneDelegate.swift in Sources */ = {isa = PBXBuildFile; fileRef = 7144BE22287AB5C90023A89D /* SceneDelegate.swift */; };
		7144BE25287AB5C90023A89D /* MainTabbarViewController.swift in Sources */ = {isa = PBXBuildFile; fileRef = 7144BE24287AB5C90023A89D /* MainTabbarViewController.swift */; };
		7144BE2A287AB5CA0023A89D /* Assets.xcassets in Resources */ = {isa = PBXBuildFile; fileRef = 7144BE29287AB5CA0023A89D /* Assets.xcassets */; };
		7144BE2D287AB5CA0023A89D /* LaunchScreen.storyboard in Resources */ = {isa = PBXBuildFile; fileRef = 7144BE2B287AB5CA0023A89D /* LaunchScreen.storyboard */; };
		7144BE37287AB7A70023A89D /* HomeViewController.swift in Sources */ = {isa = PBXBuildFile; fileRef = 7144BE36287AB7A70023A89D /* HomeViewController.swift */; };
		7144BE39287AB7BE0023A89D /* SearchViewController.swift in Sources */ = {isa = PBXBuildFile; fileRef = 7144BE38287AB7BE0023A89D /* SearchViewController.swift */; };
		7144BE3B287AB7D90023A89D /* NotificationsViewController.swift in Sources */ = {isa = PBXBuildFile; fileRef = 7144BE3A287AB7D90023A89D /* NotificationsViewController.swift */; };
		7144BE3D287AB7F90023A89D /* DirectMessagesViewController.swift in Sources */ = {isa = PBXBuildFile; fileRef = 7144BE3C287AB7F90023A89D /* DirectMessagesViewController.swift */; };
		714680C7287F4A46006557D1 /* ProfileTableViewHeader.swift in Sources */ = {isa = PBXBuildFile; fileRef = 714680C6287F4A46006557D1 /* ProfileTableViewHeader.swift */; };
		71BFE04D287DF8DA00D76205 /* ProfileViewController.swift in Sources */ = {isa = PBXBuildFile; fileRef = 71BFE04C287DF8DA00D76205 /* ProfileViewController.swift */; };
		71E01C58287AD79600650520 /* GiggleTableViewCell.swift in Sources */ = {isa = PBXBuildFile; fileRef = 71E01C57287AD79600650520 /* GiggleTableViewCell.swift */; };
/* End PBXBuildFile section */

/* Begin PBXFileReference section */
		7144BE1D287AB5C90023A89D /* Giggle.app */ = {isa = PBXFileReference; explicitFileType = wrapper.application; includeInIndex = 0; path = Giggle.app; sourceTree = BUILT_PRODUCTS_DIR; };
		7144BE20287AB5C90023A89D /* AppDelegate.swift */ = {isa = PBXFileReference; lastKnownFileType = sourcecode.swift; path = AppDelegate.swift; sourceTree = "<group>"; };
		7144BE22287AB5C90023A89D /* SceneDelegate.swift */ = {isa = PBXFileReference; lastKnownFileType = sourcecode.swift; path = SceneDelegate.swift; sourceTree = "<group>"; };
		7144BE24287AB5C90023A89D /* MainTabbarViewController.swift */ = {isa = PBXFileReference; lastKnownFileType = sourcecode.swift; path = MainTabbarViewController.swift; sourceTree = "<group>"; };
		7144BE29287AB5CA0023A89D /* Assets.xcassets */ = {isa = PBXFileReference; lastKnownFileType = folder.assetcatalog; path = Assets.xcassets; sourceTree = "<group>"; };
		7144BE2C287AB5CA0023A89D /* Base */ = {isa = PBXFileReference; lastKnownFileType = file.storyboard; name = Base; path = Base.lproj/LaunchScreen.storyboard; sourceTree = "<group>"; };
		7144BE2E287AB5CA0023A89D /* Info.plist */ = {isa = PBXFileReference; lastKnownFileType = text.plist.xml; path = Info.plist; sourceTree = "<group>"; };
		7144BE36287AB7A70023A89D /* HomeViewController.swift */ = {isa = PBXFileReference; lastKnownFileType = sourcecode.swift; path = HomeViewController.swift; sourceTree = "<group>"; };
		7144BE38287AB7BE0023A89D /* SearchViewController.swift */ = {isa = PBXFileReference; lastKnownFileType = sourcecode.swift; path = SearchViewController.swift; sourceTree = "<group>"; };
		7144BE3A287AB7D90023A89D /* NotificationsViewController.swift */ = {isa = PBXFileReference; lastKnownFileType = sourcecode.swift; path = NotificationsViewController.swift; sourceTree = "<group>"; };
		7144BE3C287AB7F90023A89D /* DirectMessagesViewController.swift */ = {isa = PBXFileReference; lastKnownFileType = sourcecode.swift; path = DirectMessagesViewController.swift; sourceTree = "<group>"; };
		714680C6287F4A46006557D1 /* ProfileTableViewHeader.swift */ = {isa = PBXFileReference; lastKnownFileType = sourcecode.swift; path = ProfileTableViewHeader.swift; sourceTree = "<group>"; };
		71BFE04C287DF8DA00D76205 /* ProfileViewController.swift */ = {isa = PBXFileReference; lastKnownFileType = sourcecode.swift; path = ProfileViewController.swift; sourceTree = "<group>"; };
		71E01C57287AD79600650520 /* GiggleTableViewCell.swift */ = {isa = PBXFileReference; lastKnownFileType = sourcecode.swift; path = GiggleTableViewCell.swift; sourceTree = "<group>"; };
/* End PBXFileReference section */

/* Begin PBXFrameworksBuildPhase section */
		7144BE1A287AB5C90023A89D /* Frameworks */ = {
			isa = PBXFrameworksBuildPhase;
			buildActionMask = 2147483647;
			files = (
			);
			runOnlyForDeploymentPostprocessing = 0;
		};
/* End PBXFrameworksBuildPhase section */

/* Begin PBXGroup section */
		7144BE14287AB5C90023A89D = {
			isa = PBXGroup;
			children = (
				7144BE1F287AB5C90023A89D /* Giggle */,
				7144BE1E287AB5C90023A89D /* Products */,
			);
			sourceTree = "<group>";
		};
		7144BE1E287AB5C90023A89D /* Products */ = {
			isa = PBXGroup;
			children = (
				7144BE1D287AB5C90023A89D /* Giggle.app */,
			);
			name = Products;
			sourceTree = "<group>";
		};
		7144BE1F287AB5C90023A89D /* Giggle */ = {
			isa = PBXGroup;
			children = (
				71E01C56287AD76600650520 /* Views */,
				7144BE34287AB7780023A89D /* Controllers */,
				7144BE20287AB5C90023A89D /* AppDelegate.swift */,
				7144BE22287AB5C90023A89D /* SceneDelegate.swift */,
				7144BE29287AB5CA0023A89D /* Assets.xcassets */,
				7144BE2B287AB5CA0023A89D /* LaunchScreen.storyboard */,
				7144BE2E287AB5CA0023A89D /* Info.plist */,
			);
			path = Giggle;
			sourceTree = "<group>";
		};
		7144BE34287AB7780023A89D /* Controllers */ = {
			isa = PBXGroup;
			children = (
				71BFE04B287DF8B500D76205 /* General */,
				7144BE35287AB7800023A89D /* Core */,
			);
			path = Controllers;
			sourceTree = "<group>";
		};
		7144BE35287AB7800023A89D /* Core */ = {
			isa = PBXGroup;
			children = (
				7144BE24287AB5C90023A89D /* MainTabbarViewController.swift */,
				7144BE36287AB7A70023A89D /* HomeViewController.swift */,
				7144BE38287AB7BE0023A89D /* SearchViewController.swift */,
				7144BE3A287AB7D90023A89D /* NotificationsViewController.swift */,
				7144BE3C287AB7F90023A89D /* DirectMessagesViewController.swift */,
			);
			path = Core;
			sourceTree = "<group>";
		};
		71BFE04B287DF8B500D76205 /* General */ = {
			isa = PBXGroup;
			children = (
				71BFE04C287DF8DA00D76205 /* ProfileViewController.swift */,
			);
			path = General;
			sourceTree = "<group>";
		};
		71E01C56287AD76600650520 /* Views */ = {
			isa = PBXGroup;
			children = (
				71E01C57287AD79600650520 /* GiggleTableViewCell.swift */,
				714680C6287F4A46006557D1 /* ProfileTableViewHeader.swift */,
			);
			path = Views;
			sourceTree = "<group>";
		};
/* End PBXGroup section */

/* Begin PBXNativeTarget section */
		7144BE1C287AB5C90023A89D /* Giggle */ = {
			isa = PBXNativeTarget;
			buildConfigurationList = 7144BE31287AB5CA0023A89D /* Build configuration list for PBXNativeTarget "Giggle" */;
			buildPhases = (
				7144BE19287AB5C90023A89D /* Sources */,
				7144BE1A287AB5C90023A89D /* Frameworks */,
				7144BE1B287AB5C90023A89D /* Resources */,
			);
			buildRules = (
			);
			dependencies = (
			);
			name = Giggle;
			productName = Giggle;
			productReference = 7144BE1D287AB5C90023A89D /* Giggle.app */;
			productType = "com.apple.product-type.application";
		};
/* End PBXNativeTarget section */

/* Begin PBXProject section */
		7144BE15287AB5C90023A89D /* Project object */ = {
			isa = PBXProject;
			attributes = {
				BuildIndependentTargetsInParallel = 1;
				LastSwiftUpdateCheck = 1340;
				LastUpgradeCheck = 1340;
				TargetAttributes = {
					7144BE1C287AB5C90023A89D = {
						CreatedOnToolsVersion = 13.4.1;
					};
				};
			};
			buildConfigurationList = 7144BE18287AB5C90023A89D /* Build configuration list for PBXProject "Giggle" */;
			compatibilityVersion = "Xcode 13.0";
			developmentRegion = en;
			hasScannedForEncodings = 0;
			knownRegions = (
				en,
				Base,
			);
			mainGroup = 7144BE14287AB5C90023A89D;
			productRefGroup = 7144BE1E287AB5C90023A89D /* Products */;
			projectDirPath = "";
			projectRoot = "";
			targets = (
				7144BE1C287AB5C90023A89D /* Giggle */,
			);
		};
/* End PBXProject section */

/* Begin PBXResourcesBuildPhase section */
		7144BE1B287AB5C90023A89D /* Resources */ = {
			isa = PBXResourcesBuildPhase;
			buildActionMask = 2147483647;
			files = (
				7144BE2D287AB5CA0023A89D /* LaunchScreen.storyboard in Resources */,
				7144BE2A287AB5CA0023A89D /* Assets.xcassets in Resources */,
			);
			runOnlyForDeploymentPostprocessing = 0;
		};
/* End PBXResourcesBuildPhase section */

/* Begin PBXSourcesBuildPhase section */
		7144BE19287AB5C90023A89D /* Sources */ = {
			isa = PBXSourcesBuildPhase;
			buildActionMask = 2147483647;
			files = (
				7144BE39287AB7BE0023A89D /* SearchViewController.swift in Sources */,
				7144BE25287AB5C90023A89D /* MainTabbarViewController.swift in Sources */,
				7144BE21287AB5C90023A89D /* AppDelegate.swift in Sources */,
				7144BE3B287AB7D90023A89D /* NotificationsViewController.swift in Sources */,
				7144BE23287AB5C90023A89D /* SceneDelegate.swift in Sources */,
				7144BE37287AB7A70023A89D /* HomeViewController.swift in Sources */,
				71BFE04D287DF8DA00D76205 /* ProfileViewController.swift in Sources */,
				71E01C58287AD79600650520 /* GiggleTableViewCell.swift in Sources */,
				714680C7287F4A46006557D1 /* ProfileTableViewHeader.swift in Sources */,
				7144BE3D287AB7F90023A89D /* DirectMessagesViewController.swift in Sources */,
			);
			runOnlyForDeploymentPostprocessing = 0;
		};
/* End PBXSourcesBuildPhase section */

/* Begin PBXVariantGroup section */
		7144BE2B287AB5CA0023A89D /* LaunchScreen.storyboard */ = {
			isa = PBXVariantGroup;
			children = (
				7144BE2C287AB5CA0023A89D /* Base */,
			);
			name = LaunchScreen.storyboard;
			sourceTree = "<group>";
		};
/* End PBXVariantGroup section */

/* Begin XCBuildConfiguration section */
		7144BE2F287AB5CA0023A89D /* Debug */ = {
			isa = XCBuildConfiguration;
			buildSettings = {
				ALWAYS_SEARCH_USER_PATHS = NO;
				CLANG_ANALYZER_NONNULL = YES;
				CLANG_ANALYZER_NUMBER_OBJECT_CONVERSION = YES_AGGRESSIVE;
				CLANG_CXX_LANGUAGE_STANDARD = "gnu++17";
				CLANG_ENABLE_MODULES = YES;
				CLANG_ENABLE_OBJC_ARC = YES;
				CLANG_ENABLE_OBJC_WEAK = YES;
				CLANG_WARN_BLOCK_CAPTURE_AUTORELEASING = YES;
				CLANG_WARN_BOOL_CONVERSION = YES;
				CLANG_WARN_COMMA = YES;
				CLANG_WARN_CONSTANT_CONVERSION = YES;
				CLANG_WARN_DEPRECATED_OBJC_IMPLEMENTATIONS = YES;
				CLANG_WARN_DIRECT_OBJC_ISA_USAGE = YES_ERROR;
				CLANG_WARN_DOCUMENTATION_COMMENTS = YES;
				CLANG_WARN_EMPTY_BODY = YES;
				CLANG_WARN_ENUM_CONVERSION = YES;
				CLANG_WARN_INFINITE_RECURSION = YES;
				CLANG_WARN_INT_CONVERSION = YES;
				CLANG_WARN_NON_LITERAL_NULL_CONVERSION = YES;
				CLANG_WARN_OBJC_IMPLICIT_RETAIN_SELF = YES;
				CLANG_WARN_OBJC_LITERAL_CONVERSION = YES;
				CLANG_WARN_OBJC_ROOT_CLASS = YES_ERROR;
				CLANG_WARN_QUOTED_INCLUDE_IN_FRAMEWORK_HEADER = YES;
				CLANG_WARN_RANGE_LOOP_ANALYSIS = YES;
				CLANG_WARN_STRICT_PROTOTYPES = YES;
				CLANG_WARN_SUSPICIOUS_MOVE = YES;
				CLANG_WARN_UNGUARDED_AVAILABILITY = YES_AGGRESSIVE;
				CLANG_WARN_UNREACHABLE_CODE = YES;
				CLANG_WARN__DUPLICATE_METHOD_MATCH = YES;
				COPY_PHASE_STRIP = NO;
				DEBUG_INFORMATION_FORMAT = dwarf;
				ENABLE_STRICT_OBJC_MSGSEND = YES;
				ENABLE_TESTABILITY = YES;
				GCC_C_LANGUAGE_STANDARD = gnu11;
				GCC_DYNAMIC_NO_PIC = NO;
				GCC_NO_COMMON_BLOCKS = YES;
				GCC_OPTIMIZATION_LEVEL = 0;
				GCC_PREPROCESSOR_DEFINITIONS = (
					"DEBUG=1",
					"$(inherited)",
				);
				GCC_WARN_64_TO_32_BIT_CONVERSION = YES;
				GCC_WARN_ABOUT_RETURN_TYPE = YES_ERROR;
				GCC_WARN_UNDECLARED_SELECTOR = YES;
				GCC_WARN_UNINITIALIZED_AUTOS = YES_AGGRESSIVE;
				GCC_WARN_UNUSED_FUNCTION = YES;
				GCC_WARN_UNUSED_VARIABLE = YES;
				IPHONEOS_DEPLOYMENT_TARGET = 15.5;
				MTL_ENABLE_DEBUG_INFO = INCLUDE_SOURCE;
				MTL_FAST_MATH = YES;
				ONLY_ACTIVE_ARCH = YES;
				SDKROOT = iphoneos;
				SWIFT_ACTIVE_COMPILATION_CONDITIONS = DEBUG;
				SWIFT_OPTIMIZATION_LEVEL = "-Onone";
			};
			name = Debug;
		};
		7144BE30287AB5CA0023A89D /* Release */ = {
			isa = XCBuildConfiguration;
			buildSettings = {
				ALWAYS_SEARCH_USER_PATHS = NO;
				CLANG_ANALYZER_NONNULL = YES;
				CLANG_ANALYZER_NUMBER_OBJECT_CONVERSION = YES_AGGRESSIVE;
				CLANG_CXX_LANGUAGE_STANDARD = "gnu++17";
				CLANG_ENABLE_MODULES = YES;
				CLANG_ENABLE_OBJC_ARC = YES;
				CLANG_ENABLE_OBJC_WEAK = YES;
				CLANG_WARN_BLOCK_CAPTURE_AUTORELEASING = YES;
				CLANG_WARN_BOOL_CONVERSION = YES;
				CLANG_WARN_COMMA = YES;
				CLANG_WARN_CONSTANT_CONVERSION = YES;
				CLANG_WARN_DEPRECATED_OBJC_IMPLEMENTATIONS = YES;
				CLANG_WARN_DIRECT_OBJC_ISA_USAGE = YES_ERROR;
				CLANG_WARN_DOCUMENTATION_COMMENTS = YES;
				CLANG_WARN_EMPTY_BODY = YES;
				CLANG_WARN_ENUM_CONVERSION = YES;
				CLANG_WARN_INFINITE_RECURSION = YES;
				CLANG_WARN_INT_CONVERSION = YES;
				CLANG_WARN_NON_LITERAL_NULL_CONVERSION = YES;
				CLANG_WARN_OBJC_IMPLICIT_RETAIN_SELF = YES;
				CLANG_WARN_OBJC_LITERAL_CONVERSION = YES;
				CLANG_WARN_OBJC_ROOT_CLASS = YES_ERROR;
				CLANG_WARN_QUOTED_INCLUDE_IN_FRAMEWORK_HEADER = YES;
				CLANG_WARN_RANGE_LOOP_ANALYSIS = YES;
				CLANG_WARN_STRICT_PROTOTYPES = YES;
				CLANG_WARN_SUSPICIOUS_MOVE = YES;
				CLANG_WARN_UNGUARDED_AVAILABILITY = YES_AGGRESSIVE;
				CLANG_WARN_UNREACHABLE_CODE = YES;
				CLANG_WARN__DUPLICATE_METHOD_MATCH = YES;
				COPY_PHASE_STRIP = NO;
				DEBUG_INFORMATION_FORMAT = "dwarf-with-dsym";
				ENABLE_NS_ASSERTIONS = NO;
				ENABLE_STRICT_OBJC_MSGSEND = YES;
				GCC_C_LANGUAGE_STANDARD = gnu11;
				GCC_NO_COMMON_BLOCKS = YES;
				GCC_WARN_64_TO_32_BIT_CONVERSION = YES;
				GCC_WARN_ABOUT_RETURN_TYPE = YES_ERROR;
				GCC_WARN_UNDECLARED_SELECTOR = YES;
				GCC_WARN_UNINITIALIZED_AUTOS = YES_AGGRESSIVE;
				GCC_WARN_UNUSED_FUNCTION = YES;
				GCC_WARN_UNUSED_VARIABLE = YES;
				IPHONEOS_DEPLOYMENT_TARGET = 15.5;
				MTL_ENABLE_DEBUG_INFO = NO;
				MTL_FAST_MATH = YES;
				SDKROOT = iphoneos;
				SWIFT_COMPILATION_MODE = wholemodule;
				SWIFT_OPTIMIZATION_LEVEL = "-O";
				VALIDATE_PRODUCT = YES;
			};
			name = Release;
		};
		7144BE32287AB5CA0023A89D /* Debug */ = {
			isa = XCBuildConfiguration;
			buildSettings = {
				ASSETCATALOG_COMPILER_APPICON_NAME = AppIcon;
				ASSETCATALOG_COMPILER_GLOBAL_ACCENT_COLOR_NAME = AccentColor;
				CODE_SIGN_STYLE = Automatic;
				CURRENT_PROJECT_VERSION = 1;
				DEVELOPMENT_TEAM = FAHJ57W2W9;
				GENERATE_INFOPLIST_FILE = YES;
				INFOPLIST_FILE = Giggle/Info.plist;
				INFOPLIST_KEY_UIApplicationSupportsIndirectInputEvents = YES;
				INFOPLIST_KEY_UILaunchStoryboardName = LaunchScreen;
				INFOPLIST_KEY_UISupportedInterfaceOrientations_iPad = "UIInterfaceOrientationPortrait UIInterfaceOrientationPortraitUpsideDown UIInterfaceOrientationLandscapeLeft UIInterfaceOrientationLandscapeRight";
				INFOPLIST_KEY_UISupportedInterfaceOrientations_iPhone = "UIInterfaceOrientationPortrait UIInterfaceOrientationLandscapeLeft UIInterfaceOrientationLandscapeRight";
				LD_RUNPATH_SEARCH_PATHS = (
					"$(inherited)",
					"@executable_path/Frameworks",
				);
				MARKETING_VERSION = 1.0;
				PRODUCT_BUNDLE_IDENTIFIER = com.oguzhankin.Giggle;
				PRODUCT_NAME = "$(TARGET_NAME)";
				SWIFT_EMIT_LOC_STRINGS = YES;
				SWIFT_VERSION = 5.0;
				TARGETED_DEVICE_FAMILY = "1,2";
			};
			name = Debug;
		};
		7144BE33287AB5CA0023A89D /* Release */ = {
			isa = XCBuildConfiguration;
			buildSettings = {
				ASSETCATALOG_COMPILER_APPICON_NAME = AppIcon;
				ASSETCATALOG_COMPILER_GLOBAL_ACCENT_COLOR_NAME = AccentColor;
				CODE_SIGN_STYLE = Automatic;
				CURRENT_PROJECT_VERSION = 1;
				DEVELOPMENT_TEAM = FAHJ57W2W9;
				GENERATE_INFOPLIST_FILE = YES;
				INFOPLIST_FILE = Giggle/Info.plist;
				INFOPLIST_KEY_UIApplicationSupportsIndirectInputEvents = YES;
				INFOPLIST_KEY_UILaunchStoryboardName = LaunchScreen;
				INFOPLIST_KEY_UISupportedInterfaceOrientations_iPad = "UIInterfaceOrientationPortrait UIInterfaceOrientationPortraitUpsideDown UIInterfaceOrientationLandscapeLeft UIInterfaceOrientationLandscapeRight";
				INFOPLIST_KEY_UISupportedInterfaceOrientations_iPhone = "UIInterfaceOrientationPortrait UIInterfaceOrientationLandscapeLeft UIInterfaceOrientationLandscapeRight";
				LD_RUNPATH_SEARCH_PATHS = (
					"$(inherited)",
					"@executable_path/Frameworks",
				);
				MARKETING_VERSION = 1.0;
				PRODUCT_BUNDLE_IDENTIFIER = com.oguzhankin.Giggle;
				PRODUCT_NAME = "$(TARGET_NAME)";
				SWIFT_EMIT_LOC_STRINGS = YES;
				SWIFT_VERSION = 5.0;
				TARGETED_DEVICE_FAMILY = "1,2";
			};
			name = Release;
		};
/* End XCBuildConfiguration section */

/* Begin XCConfigurationList section */
		7144BE18287AB5C90023A89D /* Build configuration list for PBXProject "Giggle" */ = {
			isa = XCConfigurationList;
			buildConfigurations = (
				7144BE2F287AB5CA0023A89D /* Debug */,
				7144BE30287AB5CA0023A89D /* Release */,
			);
			defaultConfigurationIsVisible = 0;
			defaultConfigurationName = Release;
		};
		7144BE31287AB5CA0023A89D /* Build configuration list for PBXNativeTarget "Giggle" */ = {
			isa = XCConfigurationList;
			buildConfigurations = (
				7144BE32287AB5CA0023A89D /* Debug */,
				7144BE33287AB5CA0023A89D /* Release */,
			);
			defaultConfigurationIsVisible = 0;
			defaultConfigurationName = Release;
		};
/* End XCConfigurationList section */
	};
	rootObject = 7144BE15287AB5C90023A89D /* Project object */;
}
